
Microsoft Visual Studio Solution File, Format Version 12.00
# Visual Studio Version 16
VisualStudioVersion = 16.0.31019.35
MinimumVisualStudioVersion = 10.0.40219.1
Project("{FAE04EC0-301F-11D3-BF4B-00C04F79EFBC}") = "FootballClubWebApp", "FootballClubWebApp\FootballClubWebApp.csproj", "{D6F30D6B-38A4-472A-B27C-91F3340872FE}"
EndProject
Global
	GlobalSection(SolutionConfigurationPlatforms) = preSolution
		Debug|Any CPU = Debug|Any CPU
		Release|Any CPU = Release|Any CPU
	EndGlobalSection
	GlobalSection(ProjectConfigurationPlatforms) = postSolution
		{D6F30D6B-38A4-472A-B27C-91F3340872FE}.Debug|Any CPU.ActiveCfg = Debug|Any CPU
		{D6F30D6B-38A4-472A-B27C-91F3340872FE}.Debug|Any CPU.Build.0 = Debug|Any CPU
		{D6F30D6B-38A4-472A-B27C-91F3340872FE}.Release|Any CPU.ActiveCfg = Release|Any CPU
		{D6F30D6B-38A4-472A-B27C-91F3340872FE}.Release|Any CPU.Build.0 = Release|Any CPU
	EndGlobalSection
	GlobalSection(SolutionProperties) = preSolution
		HideSolutionNode = FALSE
	EndGlobalSection
	GlobalSection(ExtensibilityGlobals) = postSolution
		SolutionGuid = {4F57939B-31DF-415E-B8B2-E0305959FF0A}
	EndGlobalSection
EndGlobal
